# THIS IS AN AUTOGENERATED FILE. DO NOT EDIT THIS FILE DIRECTLY.
# yarn lockfile v1


"@elliottcable/bs-gen@^0.5.1":
  version "0.5.1"
  resolved "https://registry.yarnpkg.com/@elliottcable/bs-gen/-/bs-gen-0.5.1.tgz#0cd7f31013b1d424e201a6fe6118615c15964102"
  integrity sha512-nTxwpcBbCENxy9TIYFr553mp2Mts7I5OAan4ke7uiphiQKo0EqOpCgPG+kSYlp8LdPSz4h/IYJJoVC7ldIr/Lg==
  dependencies:
    bs-platform "^4.0.2"

"@elliottcable/bs-uchar@^0.0.2":
  version "0.0.2"
  resolved "https://registry.yarnpkg.com/@elliottcable/bs-uchar/-/bs-uchar-0.0.2.tgz#455e23b226c38349a54e18fefa3284baf22a5558"
  integrity sha512-DG8C2IhTZB2a+A0/AE0jrBZyzkj9VW/7Zc+E5XOALfmgBh2Xy92H8xyT6okh0QK4EzGZiT2/heHYF0AAriOrNA==
  dependencies:
    bs-platform "^4.0.2"

bs-platform@^4.0.18, bs-platform@^4.0.2, bs-platform@^4.0.3:
  version "4.0.18"
  resolved "https://registry.yarnpkg.com/bs-platform/-/bs-platform-4.0.18.tgz#d17b8693ba1f714d9b27e0ddb365f2069ba4b8a0"
  integrity sha512-BwzW0iYHvREqUZIgQxJmdJrxexppLvJxYQ4LLexbhCp7uZU5DIZ5ub4ZHpkCkc8fn8bsXWc+Rrejb3csi+BoAQ==

bs-sedlex@^1.99.4-pre.8:
  version "1.99.4-pre.8"
  resolved "https://registry.yarnpkg.com/bs-sedlex/-/bs-sedlex-1.99.4-pre.8.tgz#a41889f02eeedef59e30f26c21936f7ffc2c6ce0"
  integrity sha512-wg9mqHC9RKRsO3w/SQU13PwjmdHrjkCFswfgfkrBSqlNZ//YXIf77jdD+SNTv6yAad5ygvMynMxN5TQRYrAGEA==
  dependencies:
    "@elliottcable/bs-gen" "^0.5.1"
    "@elliottcable/bs-uchar" "^0.0.2"
    bs-platform "^4.0.3"

ppx-sedlex@^1.99.4-pre.8:
  version "1.99.4-pre.8"
  resolved "https://registry.yarnpkg.com/ppx-sedlex/-/ppx-sedlex-1.99.4-pre.8.tgz#2fe29e65431c439061663e9d8286de0e2c1df321"
  integrity sha512-vRBW1Dsq4LMGH9Qx030iAx6NAJS43bscYfdXdN7BtO2X5J9wD8SrAGWkNSv4/G7uL6mnOoUoshKYJKu2ehgddQ==
